{
  "name": "git-test-root",
  "lockfileVersion": 3,
  "requires": true,
  "packages": {
    "": {
      "name": "git-test-root",
      "workspaces": [
        "projects/*"
      ]
    },
    "node_modules/a": {
      "resolved": "projects/a",
      "link": true
    },
    "node_modules/b": {
      "resolved": "projects/b",
      "link": true
    },
    "node_modules/c": {
      "resolved": "projects/c",
      "link": true
    },
    "projects/a": {},
    "projects/b": {},
    "projects/c": {}
  }
}
